
Microsoft Visual Studio Solution File, Format Version 12.00
# Visual Studio Version 17
VisualStudioVersion = 17.13.35828.75
MinimumVisualStudioVersion = 10.0.40219.1
Project("{FAE04EC0-301F-11D3-BF4B-00C04F79EFBC}") = "myAppHaritz.Api", "myAppHaritz.Api\myAppHaritz.Api.csproj", "{1B7D2DC7-D1D9-41E1-8380-8FDEEB7C6B2F}"
EndProject
Project("{FAE04EC0-301F-11D3-BF4B-00C04F79EFBC}") = "myAppHaritz.Core", "myAppHaritz.Core\myAppHaritz.Core.csproj", "{CF56B7A8-BDAC-4FE4-9290-8ACE7CE57E74}"
EndProject
Project("{FAE04EC0-301F-11D3-BF4B-00C04F79EFBC}") = "myAppHaritz.Application", "myAppHaritz.Application\myAppHaritz.Application.csproj", "{7CE0246C-0C63-451B-ADB6-14520A0371D6}"
EndProject
Project("{FAE04EC0-301F-11D3-BF4B-00C04F79EFBC}") = "myAppHaritz.Infrastructure", "myAppHaritz.Infrastructure\myAppHaritz.Infrastructure.csproj", "{CF76ABE5-0665-4A35-BA89-108D0B7EAB7A}"
EndProject
Global
	GlobalSection(SolutionConfigurationPlatforms) = preSolution
		Debug|Any CPU = Debug|Any CPU
		Release|Any CPU = Release|Any CPU
	EndGlobalSection
	GlobalSection(ProjectConfigurationPlatforms) = postSolution
		{1B7D2DC7-D1D9-41E1-8380-8FDEEB7C6B2F}.Debug|Any CPU.ActiveCfg = Debug|Any CPU
		{1B7D2DC7-D1D9-41E1-8380-8FDEEB7C6B2F}.Debug|Any CPU.Build.0 = Debug|Any CPU
		{1B7D2DC7-D1D9-41E1-8380-8FDEEB7C6B2F}.Release|Any CPU.ActiveCfg = Release|Any CPU
		{1B7D2DC7-D1D9-41E1-8380-8FDEEB7C6B2F}.Release|Any CPU.Build.0 = Release|Any CPU
		{CF56B7A8-BDAC-4FE4-9290-8ACE7CE57E74}.Debug|Any CPU.ActiveCfg = Debug|Any CPU
		{CF56B7A8-BDAC-4FE4-9290-8ACE7CE57E74}.Debug|Any CPU.Build.0 = Debug|Any CPU
		{CF56B7A8-BDAC-4FE4-9290-8ACE7CE57E74}.Release|Any CPU.ActiveCfg = Release|Any CPU
		{CF56B7A8-BDAC-4FE4-9290-8ACE7CE57E74}.Release|Any CPU.Build.0 = Release|Any CPU
		{7CE0246C-0C63-451B-ADB6-14520A0371D6}.Debug|Any CPU.ActiveCfg = Debug|Any CPU
		{7CE0246C-0C63-451B-ADB6-14520A0371D6}.Debug|Any CPU.Build.0 = Debug|Any CPU
		{7CE0246C-0C63-451B-ADB6-14520A0371D6}.Release|Any CPU.ActiveCfg = Release|Any CPU
		{7CE0246C-0C63-451B-ADB6-14520A0371D6}.Release|Any CPU.Build.0 = Release|Any CPU
		{CF76ABE5-0665-4A35-BA89-108D0B7EAB7A}.Debug|Any CPU.ActiveCfg = Debug|Any CPU
		{CF76ABE5-0665-4A35-BA89-108D0B7EAB7A}.Debug|Any CPU.Build.0 = Debug|Any CPU
		{CF76ABE5-0665-4A35-BA89-108D0B7EAB7A}.Release|Any CPU.ActiveCfg = Release|Any CPU
		{CF76ABE5-0665-4A35-BA89-108D0B7EAB7A}.Release|Any CPU.Build.0 = Release|Any CPU
	EndGlobalSection
	GlobalSection(SolutionProperties) = preSolution
		HideSolutionNode = FALSE
	EndGlobalSection
	GlobalSection(ExtensibilityGlobals) = postSolution
		SolutionGuid = {9C61BD45-B79C-45E6-86CF-65F3EBFEB8A4}
	EndGlobalSection
EndGlobal
